Microsoft Visual Studio Solution File, Format Version 12.00
# Visual Studio Version 17
VisualStudioVersion = 17.5.2.0
MinimumVisualStudioVersion = 10.0.40219.1
Project("{FAE04EC0-301F-11D3-BF4B-00C04F79EFBC}") = "PharmaDNA.Web", "PharmaDNA.Web\PharmaDNA.Web.csproj", "{3461E334-0004-518B-0A2B-7FDF245296D3}"
EndProject
Global
	GlobalSection(SolutionConfigurationPlatforms) = preSolution
		Debug|Any CPU = Debug|Any CPU
		Release|Any CPU = Release|Any CPU
	EndGlobalSection
	GlobalSection(ProjectConfigurationPlatforms) = postSolution
		{3461E334-0004-518B-0A2B-7FDF245296D3}.Debug|Any CPU.ActiveCfg = Debug|Any CPU
		{3461E334-0004-518B-0A2B-7FDF245296D3}.Debug|Any CPU.Build.0 = Debug|Any CPU
		{3461E334-0004-518B-0A2B-7FDF245296D3}.Release|Any CPU.ActiveCfg = Release|Any CPU
		{3461E334-0004-518B-0A2B-7FDF245296D3}.Release|Any CPU.Build.0 = Release|Any CPU
	EndGlobalSection
	GlobalSection(SolutionProperties) = preSolution
		HideSolutionNode = FALSE
	EndGlobalSection
	GlobalSection(ExtensibilityGlobals) = postSolution
		SolutionGuid = {EDEC7A51-F24F-4EA4-A0F0-F5715D8F5CB5}
	EndGlobalSection
EndGlobal
